
Microsoft Visual Studio Solution File, Format Version 12.00
# Visual Studio Version 16
VisualStudioVersion = 16.0.33130.400
MinimumVisualStudioVersion = 10.0.40219.1
Project("{FAE04EC0-301F-11D3-BF4B-00C04F79EFBC}") = "assignment1", "assignment1\assignment1.csproj", "{F1E49A98-42CB-410C-8786-158F568BD55B}"
EndProject
Global
	GlobalSection(SolutionConfigurationPlatforms) = preSolution
		Debug|Any CPU = Debug|Any CPU
		Release|Any CPU = Release|Any CPU
	EndGlobalSection
	GlobalSection(ProjectConfigurationPlatforms) = postSolution
		{F1E49A98-42CB-410C-8786-158F568BD55B}.Debug|Any CPU.ActiveCfg = Debug|Any CPU
		{F1E49A98-42CB-410C-8786-158F568BD55B}.Debug|Any CPU.Build.0 = Debug|Any CPU
		{F1E49A98-42CB-410C-8786-158F568BD55B}.Release|Any CPU.ActiveCfg = Release|Any CPU
		{F1E49A98-42CB-410C-8786-158F568BD55B}.Release|Any CPU.Build.0 = Release|Any CPU
	EndGlobalSection
	GlobalSection(SolutionProperties) = preSolution
		HideSolutionNode = FALSE
	EndGlobalSection
	GlobalSection(ExtensibilityGlobals) = postSolution
		SolutionGuid = {C470F308-B38A-4EA4-9E58-B2E8A8B16799}
	EndGlobalSection
EndGlobal
